// !$*UTF8*$!
{
	archiveVersion = 1;
	classes = {
	};
	objectVersion = 46;
	objects = {

/* Begin PBXBuildFile section */
		17E727D01B1CDA9300143D53 /* AdColony.framework in Frameworks */ = {isa = PBXBuildFile; fileRef = 17E727CF1B1CDA9300143D53 /* AdColony.framework */; };
		9F34E6E01CECEB91002AD562 /* JavaScriptCore.framework in Frameworks */ = {isa = PBXBuildFile; fileRef = 9F34E6DF1CECEB91002AD562 /* JavaScriptCore.framework */; settings = {ATTRIBUTES = (Weak, ); }; };
		9F3D687A1B95079C008BD46B /* LaunchScreen.storyboard in Resources */ = {isa = PBXBuildFile; fileRef = 9F3D68781B95079C008BD46B /* LaunchScreen.storyboard */; };
		9F53E5151A66FA6000783C3A /* main.m in Sources */ = {isa = PBXBuildFile; fileRef = 9F53E5141A66FA6000783C3A /* main.m */; };
		9F53E5181A66FA6000783C3A /* AppDelegate.m in Sources */ = {isa = PBXBuildFile; fileRef = 9F53E5171A66FA6000783C3A /* AppDelegate.m */; };
		9F53E51B1A66FA6000783C3A /* ViewController.m in Sources */ = {isa = PBXBuildFile; fileRef = 9F53E51A1A66FA6000783C3A /* ViewController.m */; };
		9F53E51E1A66FA6000783C3A /* Main.storyboard in Resources */ = {isa = PBXBuildFile; fileRef = 9F53E51C1A66FA6000783C3A /* Main.storyboard */; };
		9F53E5201A66FA6000783C3A /* Images.xcassets in Resources */ = {isa = PBXBuildFile; fileRef = 9F53E51F1A66FA6000783C3A /* Images.xcassets */; };
		9F53E54B1A66FACC00783C3A /* AdSupport.framework in Frameworks */ = {isa = PBXBuildFile; fileRef = 9F53E53B1A66FACC00783C3A /* AdSupport.framework */; settings = {ATTRIBUTES = (Weak, ); }; };
		9F53E54C1A66FACC00783C3A /* AudioToolbox.framework in Frameworks */ = {isa = PBXBuildFile; fileRef = 9F53E53C1A66FACC00783C3A /* AudioToolbox.framework */; };
		9F53E54D1A66FACC00783C3A /* AVFoundation.framework in Frameworks */ = {isa = PBXBuildFile; fileRef = 9F53E53D1A66FACC00783C3A /* AVFoundation.framework */; };
		9F53E5501A66FACC00783C3A /* CoreTelephony.framework in Frameworks */ = {isa = PBXBuildFile; fileRef = 9F53E5401A66FACC00783C3A /* CoreTelephony.framework */; };
		9F53E5511A66FACC00783C3A /* EventKit.framework in Frameworks */ = {isa = PBXBuildFile; fileRef = 9F53E5411A66FACC00783C3A /* EventKit.framework */; };
		9F53E5551A66FACC00783C3A /* MessageUI.framework in Frameworks */ = {isa = PBXBuildFile; fileRef = 9F53E5451A66FACC00783C3A /* MessageUI.framework */; };
		9F53E5571A66FACC00783C3A /* Social.framework in Frameworks */ = {isa = PBXBuildFile; fileRef = 9F53E5471A66FACC00783C3A /* Social.framework */; settings = {ATTRIBUTES = (Weak, ); }; };
		9F53E5581A66FACC00783C3A /* StoreKit.framework in Frameworks */ = {isa = PBXBuildFile; fileRef = 9F53E5481A66FACC00783C3A /* StoreKit.framework */; settings = {ATTRIBUTES = (Weak, ); }; };
		9F53E5591A66FACC00783C3A /* SystemConfiguration.framework in Frameworks */ = {isa = PBXBuildFile; fileRef = 9F53E5491A66FACC00783C3A /* SystemConfiguration.framework */; };
		9F53E55A1A66FACC00783C3A /* WebKit.framework in Frameworks */ = {isa = PBXBuildFile; fileRef = 9F53E54A1A66FACC00783C3A /* WebKit.framework */; settings = {ATTRIBUTES = (Weak, ); }; };
		9F6CEBB01BB0BC9A00AB531B /* libz.1.2.5.tbd in Frameworks */ = {isa = PBXBuildFile; fileRef = 9F6CEBAF1BB0BC9A00AB531B /* libz.1.2.5.tbd */; };
/* End PBXBuildFile section */

/* Begin PBXFileReference section */
		17E727CF1B1CDA9300143D53 /* AdColony.framework */ = {isa = PBXFileReference; lastKnownFileType = wrapper.framework; name = AdColony.framework; path = ../../../../AdColony.framework; sourceTree = "<group>"; };
		9F34E6DF1CECEB91002AD562 /* JavaScriptCore.framework */ = {isa = PBXFileReference; lastKnownFileType = wrapper.framework; name = JavaScriptCore.framework; path = System/Library/Frameworks/JavaScriptCore.framework; sourceTree = SDKROOT; };
		9F3D68791B95079C008BD46B /* Base */ = {isa = PBXFileReference; lastKnownFileType = file.storyboard; name = Base; path = AdColonyV4VC/Base.lproj/LaunchScreen.storyboard; sourceTree = "<group>"; };
		9F53E50F1A66FA6000783C3A /* AdColonyV4VC.app */ = {isa = PBXFileReference; explicitFileType = wrapper.application; includeInIndex = 0; path = AdColonyV4VC.app; sourceTree = BUILT_PRODUCTS_DIR; };
		9F53E5131A66FA6000783C3A /* Info.plist */ = {isa = PBXFileReference; lastKnownFileType = text.plist.xml; path = Info.plist; sourceTree = "<group>"; };
		9F53E5141A66FA6000783C3A /* main.m */ = {isa = PBXFileReference; lastKnownFileType = sourcecode.c.objc; path = main.m; sourceTree = "<group>"; };
		9F53E5161A66FA6000783C3A /* AppDelegate.h */ = {isa = PBXFileReference; lastKnownFileType = sourcecode.c.h; path = AppDelegate.h; sourceTree = "<group>"; };
		9F53E5171A66FA6000783C3A /* AppDelegate.m */ = {isa = PBXFileReference; lastKnownFileType = sourcecode.c.objc; path = AppDelegate.m; sourceTree = "<group>"; };
		9F53E5191A66FA6000783C3A /* ViewController.h */ = {isa = PBXFileReference; lastKnownFileType = sourcecode.c.h; path = ViewController.h; sourceTree = "<group>"; };
		9F53E51A1A66FA6000783C3A /* ViewController.m */ = {isa = PBXFileReference; lastKnownFileType = sourcecode.c.objc; path = ViewController.m; sourceTree = "<group>"; };
		9F53E51D1A66FA6000783C3A /* Base */ = {isa = PBXFileReference; lastKnownFileType = file.storyboard; name = Base; path = Base.lproj/Main.storyboard; sourceTree = "<group>"; };
		9F53E51F1A66FA6000783C3A /* Images.xcassets */ = {isa = PBXFileReference; lastKnownFileType = folder.assetcatalog; path = Images.xcassets; sourceTree = "<group>"; };
		9F53E53B1A66FACC00783C3A /* AdSupport.framework */ = {isa = PBXFileReference; lastKnownFileType = wrapper.framework; name = AdSupport.framework; path = System/Library/Frameworks/AdSupport.framework; sourceTree = SDKROOT; };
		9F53E53C1A66FACC00783C3A /* AudioToolbox.framework */ = {isa = PBXFileReference; lastKnownFileType = wrapper.framework; name = AudioToolbox.framework; path = System/Library/Frameworks/AudioToolbox.framework; sourceTree = SDKROOT; };
		9F53E53D1A66FACC00783C3A /* AVFoundation.framework */ = {isa = PBXFileReference; lastKnownFileType = wrapper.framework; name = AVFoundation.framework; path = System/Library/Frameworks/AVFoundation.framework; sourceTree = SDKROOT; };
		9F53E5401A66FACC00783C3A /* CoreTelephony.framework */ = {isa = PBXFileReference; lastKnownFileType = wrapper.framework; name = CoreTelephony.framework; path = System/Library/Frameworks/CoreTelephony.framework; sourceTree = SDKROOT; };
		9F53E5411A66FACC00783C3A /* EventKit.framework */ = {isa = PBXFileReference; lastKnownFileType = wrapper.framework; name = EventKit.framework; path = System/Library/Frameworks/EventKit.framework; sourceTree = SDKROOT; };
		9F53E5451A66FACC00783C3A /* MessageUI.framework */ = {isa = PBXFileReference; lastKnownFileType = wrapper.framework; name = MessageUI.framework; path = System/Library/Frameworks/MessageUI.framework; sourceTree = SDKROOT; };
		9F53E5471A66FACC00783C3A /* Social.framework */ = {isa = PBXFileReference; lastKnownFileType = wrapper.framework; name = Social.framework; path = System/Library/Frameworks/Social.framework; sourceTree = SDKROOT; };
		9F53E5481A66FACC00783C3A /* StoreKit.framework */ = {isa = PBXFileReference; lastKnownFileType = wrapper.framework; name = StoreKit.framework; path = System/Library/Frameworks/StoreKit.framework; sourceTree = SDKROOT; };
		9F53E5491A66FACC00783C3A /* SystemConfiguration.framework */ = {isa = PBXFileReference; lastKnownFileType = wrapper.framework; name = SystemConfiguration.framework; path = System/Library/Frameworks/SystemConfiguration.framework; sourceTree = SDKROOT; };
		9F53E54A1A66FACC00783C3A /* WebKit.framework */ = {isa = PBXFileReference; lastKnownFileType = wrapper.framework; name = WebKit.framework; path = System/Library/Frameworks/WebKit.framework; sourceTree = SDKROOT; };
		9F6CEBAF1BB0BC9A00AB531B /* libz.1.2.5.tbd */ = {isa = PBXFileReference; lastKnownFileType = "sourcecode.text-based-dylib-definition"; name = libz.1.2.5.tbd; path = usr/lib/libz.1.2.5.tbd; sourceTree = SDKROOT; };
/* End PBXFileReference section */

/* Begin PBXFrameworksBuildPhase section */
		9F53E50C1A66FA6000783C3A /* Frameworks */ = {
			isa = PBXFrameworksBuildPhase;
			buildActionMask = 2147483647;
			files = (
				9F6CEBB01BB0BC9A00AB531B /* libz.1.2.5.tbd in Frameworks */,
				9F53E54B1A66FACC00783C3A /* AdSupport.framework in Frameworks */,
				9F53E54C1A66FACC00783C3A /* AudioToolbox.framework in Frameworks */,
				9F53E54D1A66FACC00783C3A /* AVFoundation.framework in Frameworks */,
				17E727D01B1CDA9300143D53 /* AdColony.framework in Frameworks */,
				9F53E5501A66FACC00783C3A /* CoreTelephony.framework in Frameworks */,
				9F53E5511A66FACC00783C3A /* EventKit.framework in Frameworks */,
				9F34E6E01CECEB91002AD562 /* JavaScriptCore.framework in Frameworks */,
				9F53E5551A66FACC00783C3A /* MessageUI.framework in Frameworks */,
				9F53E5571A66FACC00783C3A /* Social.framework in Frameworks */,
				9F53E5581A66FACC00783C3A /* StoreKit.framework in Frameworks */,
				9F53E5591A66FACC00783C3A /* SystemConfiguration.framework in Frameworks */,
				9F53E55A1A66FACC00783C3A /* WebKit.framework in Frameworks */,
			);
			runOnlyForDeploymentPostprocessing = 0;
		};
/* End PBXFrameworksBuildPhase section */

/* Begin PBXGroup section */
		9F53E5061A66FA6000783C3A = {
			isa = PBXGroup;
			children = (
				9F53E5111A66FA6000783C3A /* AdColonyV4VC */,
				9F53E5101A66FA6000783C3A /* Products */,
			);
			sourceTree = "<group>";
		};
		9F53E5101A66FA6000783C3A /* Products */ = {
			isa = PBXGroup;
			children = (
				9F53E50F1A66FA6000783C3A /* AdColonyV4VC.app */,
			);
			name = Products;
			sourceTree = "<group>";
		};
		9F53E5111A66FA6000783C3A /* AdColonyV4VC */ = {
			isa = PBXGroup;
			children = (
				9F53E5161A66FA6000783C3A /* AppDelegate.h */,
				9F53E5171A66FA6000783C3A /* AppDelegate.m */,
				9F53E5191A66FA6000783C3A /* ViewController.h */,
				9F53E51A1A66FA6000783C3A /* ViewController.m */,
				9F53E51C1A66FA6000783C3A /* Main.storyboard */,
				9F3D68781B95079C008BD46B /* LaunchScreen.storyboard */,
				9F53E51F1A66FA6000783C3A /* Images.xcassets */,
				9F53E5381A66FA9D00783C3A /* Frameworks */,
				9F53E5121A66FA6000783C3A /* Supporting Files */,
			);
			path = AdColonyV4VC;
			sourceTree = "<group>";
		};
		9F53E5121A66FA6000783C3A /* Supporting Files */ = {
			isa = PBXGroup;
			children = (
				9F53E5131A66FA6000783C3A /* Info.plist */,
				9F53E5141A66FA6000783C3A /* main.m */,
			);
			name = "Supporting Files";
			sourceTree = "<group>";
		};
		9F53E5381A66FA9D00783C3A /* Frameworks */ = {
			isa = PBXGroup;
			children = (
				9F6CEBAF1BB0BC9A00AB531B /* libz.1.2.5.tbd */,
				17E727CF1B1CDA9300143D53 /* AdColony.framework */,
				9F53E53B1A66FACC00783C3A /* AdSupport.framework */,
				9F53E53C1A66FACC00783C3A /* AudioToolbox.framework */,
				9F53E53D1A66FACC00783C3A /* AVFoundation.framework */,
				9F53E5401A66FACC00783C3A /* CoreTelephony.framework */,
				9F53E5411A66FACC00783C3A /* EventKit.framework */,
				9F34E6DF1CECEB91002AD562 /* JavaScriptCore.framework */,
				9F53E5451A66FACC00783C3A /* MessageUI.framework */,
				9F53E5471A66FACC00783C3A /* Social.framework */,
				9F53E5481A66FACC00783C3A /* StoreKit.framework */,
				9F53E5491A66FACC00783C3A /* SystemConfiguration.framework */,
				9F53E54A1A66FACC00783C3A /* WebKit.framework */,
			);
			name = Frameworks;
			sourceTree = "<group>";
		};
/* End PBXGroup section */

/* Begin PBXNativeTarget section */
		9F53E50E1A66FA6000783C3A /* AdColonyV4VC */ = {
			isa = PBXNativeTarget;
			buildConfigurationList = 9F53E5321A66FA6000783C3A /* Build configuration list for PBXNativeTarget "AdColonyV4VC" */;
			buildPhases = (
				9F53E50B1A66FA6000783C3A /* Sources */,
				9F53E50C1A66FA6000783C3A /* Frameworks */,
				9F53E50D1A66FA6000783C3A /* Resources */,
			);
			buildRules = (
			);
			dependencies = (
			);
			name = AdColonyV4VC;
			productName = AdColonyV4VC;
			productReference = 9F53E50F1A66FA6000783C3A /* AdColonyV4VC.app */;
			productType = "com.apple.product-type.application";
		};
/* End PBXNativeTarget section */

/* Begin PBXProject section */
		9F53E5071A66FA6000783C3A /* Project object */ = {
			isa = PBXProject;
			attributes = {
				LastUpgradeCheck = 0700;
				ORGANIZATIONNAME = AdColony;
				TargetAttributes = {
					9F53E50E1A66FA6000783C3A = {
						CreatedOnToolsVersion = 6.1.1;
					};
				};
			};
			buildConfigurationList = 9F53E50A1A66FA6000783C3A /* Build configuration list for PBXProject "AdColonyV4VC" */;
			compatibilityVersion = "Xcode 3.2";
			developmentRegion = English;
			hasScannedForEncodings = 0;
			knownRegions = (
				en,
				Base,
			);
			mainGroup = 9F53E5061A66FA6000783C3A;
			productRefGroup = 9F53E5101A66FA6000783C3A /* Products */;
			projectDirPath = "";
			projectRoot = "";
			targets = (
				9F53E50E1A66FA6000783C3A /* AdColonyV4VC */,
			);
		};
/* End PBXProject section */

/* Begin PBXResourcesBuildPhase section */
		9F53E50D1A66FA6000783C3A /* Resources */ = {
			isa = PBXResourcesBuildPhase;
			buildActionMask = 2147483647;
			files = (
				9F3D687A1B95079C008BD46B /* LaunchScreen.storyboard in Resources */,
				9F53E51E1A66FA6000783C3A /* Main.storyboard in Resources */,
				9F53E5201A66FA6000783C3A /* Images.xcassets in Resources */,
			);
			runOnlyForDeploymentPostprocessing = 0;
		};
/* End PBXResourcesBuildPhase section */

/* Begin PBXSourcesBuildPhase section */
		9F53E50B1A66FA6000783C3A /* Sources */ = {
			isa = PBXSourcesBuildPhase;
			buildActionMask = 2147483647;
			files = (
				9F53E51B1A66FA6000783C3A /* ViewController.m in Sources */,
				9F53E5181A66FA6000783C3A /* AppDelegate.m in Sources */,
				9F53E5151A66FA6000783C3A /* main.m in Sources */,
			);
			runOnlyForDeploymentPostprocessing = 0;
		};
/* End PBXSourcesBuildPhase section */

/* Begin PBXVariantGroup section */
		9F3D68781B95079C008BD46B /* LaunchScreen.storyboard */ = {
			isa = PBXVariantGroup;
			children = (
				9F3D68791B95079C008BD46B /* Base */,
			);
			name = LaunchScreen.storyboard;
			path = ..;
			sourceTree = "<group>";
		};
		9F53E51C1A66FA6000783C3A /* Main.storyboard */ = {
			isa = PBXVariantGroup;
			children = (
				9F53E51D1A66FA6000783C3A /* Base */,
			);
			name = Main.storyboard;
			sourceTree = "<group>";
		};
/* End PBXVariantGroup section */

/* Begin XCBuildConfiguration section */
		9F53E5301A66FA6000783C3A /* Debug */ = {
			isa = XCBuildConfiguration;
			buildSettings = {
				ALWAYS_SEARCH_USER_PATHS = NO;
				CLANG_CXX_LANGUAGE_STANDARD = "gnu++0x";
				CLANG_CXX_LIBRARY = "libc++";
				CLANG_ENABLE_MODULES = YES;
				CLANG_ENABLE_OBJC_ARC = YES;
				CLANG_WARN_BOOL_CONVERSION = YES;
				CLANG_WARN_CONSTANT_CONVERSION = YES;
				CLANG_WARN_DIRECT_OBJC_ISA_USAGE = YES_ERROR;
				CLANG_WARN_EMPTY_BODY = YES;
				CLANG_WARN_ENUM_CONVERSION = YES;
				CLANG_WARN_INT_CONVERSION = YES;
				CLANG_WARN_OBJC_ROOT_CLASS = YES_ERROR;
				CLANG_WARN_UNREACHABLE_CODE = YES;
				CLANG_WARN__DUPLICATE_METHOD_MATCH = YES;
				"CODE_SIGN_IDENTITY[sdk=iphoneos*]" = "iPhone Developer";
				COPY_PHASE_STRIP = NO;
				ENABLE_STRICT_OBJC_MSGSEND = YES;
				ENABLE_TESTABILITY = YES;
				GCC_C_LANGUAGE_STANDARD = gnu99;
				GCC_DYNAMIC_NO_PIC = NO;
				GCC_OPTIMIZATION_LEVEL = 0;
				GCC_PREPROCESSOR_DEFINITIONS = (
					"DEBUG=1",
					"$(inherited)",
				);
				GCC_SYMBOLS_PRIVATE_EXTERN = NO;
				GCC_WARN_64_TO_32_BIT_CONVERSION = YES;
				GCC_WARN_ABOUT_RETURN_TYPE = YES_ERROR;
				GCC_WARN_UNDECLARED_SELECTOR = YES;
				GCC_WARN_UNINITIALIZED_AUTOS = YES_AGGRESSIVE;
				GCC_WARN_UNUSED_FUNCTION = YES;
				GCC_WARN_UNUSED_VARIABLE = YES;
				IPHONEOS_DEPLOYMENT_TARGET = 8.1;
				MTL_ENABLE_DEBUG_INFO = YES;
				ONLY_ACTIVE_ARCH = YES;
				SDKROOT = iphoneos;
				TARGETED_DEVICE_FAMILY = "1,2";
			};
			name = Debug;
		};
		9F53E5311A66FA6000783C3A /* Release */ = {
			isa = XCBuildConfiguration;
			buildSettings = {
				ALWAYS_SEARCH_USER_PATHS = NO;
				CLANG_CXX_LANGUAGE_STANDARD = "gnu++0x";
				CLANG_CXX_LIBRARY = "libc++";
				CLANG_ENABLE_MODULES = YES;
				CLANG_ENABLE_OBJC_ARC = YES;
				CLANG_WARN_BOOL_CONVERSION = YES;
				CLANG_WARN_CONSTANT_CONVERSION = YES;
				CLANG_WARN_DIRECT_OBJC_ISA_USAGE = YES_ERROR;
				CLANG_WARN_EMPTY_BODY = YES;
				CLANG_WARN_ENUM_CONVERSION = YES;
				CLANG_WARN_INT_CONVERSION = YES;
				CLANG_WARN_OBJC_ROOT_CLASS = YES_ERROR;
				CLANG_WARN_UNREACHABLE_CODE = YES;
				CLANG_WARN__DUPLICATE_METHOD_MATCH = YES;
				"CODE_SIGN_IDENTITY[sdk=iphoneos*]" = "iPhone Developer";
				COPY_PHASE_STRIP = YES;
				ENABLE_NS_ASSERTIONS = NO;
				ENABLE_STRICT_OBJC_MSGSEND = YES;
				GCC_C_LANGUAGE_STANDARD = gnu99;
				GCC_WARN_64_TO_32_BIT_CONVERSION = YES;
				GCC_WARN_ABOUT_RETURN_TYPE = YES_ERROR;
				GCC_WARN_UNDECLARED_SELECTOR = YES;
				GCC_WARN_UNINITIALIZED_AUTOS = YES_AGGRESSIVE;
				GCC_WARN_UNUSED_FUNCTION = YES;
				GCC_WARN_UNUSED_VARIABLE = YES;
				IPHONEOS_DEPLOYMENT_TARGET = 8.1;
				MTL_ENABLE_DEBUG_INFO = NO;
				SDKROOT = iphoneos;
				TARGETED_DEVICE_FAMILY = "1,2";
				VALIDATE_PRODUCT = YES;
			};
			name = Release;
		};
		9F53E5331A66FA6000783C3A /* Debug */ = {
			isa = XCBuildConfiguration;
			buildSettings = {
				ASSETCATALOG_COMPILER_APPICON_NAME = AppIcon;
				ASSETCATALOG_COMPILER_LAUNCHIMAGE_NAME = LaunchImage;
				DEBUG_INFORMATION_FORMAT = dwarf;
				ENABLE_BITCODE = NO;
				FRAMEWORK_SEARCH_PATHS = (
					"$(inherited)",
					"$(PROJECT_DIR)/../../..",
				);
				INFOPLIST_FILE = AdColonyV4VC/Info.plist;
				IPHONEOS_DEPLOYMENT_TARGET = 6.0;
				LD_RUNPATH_SEARCH_PATHS = "$(inherited) @executable_path/Frameworks";
				OTHER_LDFLAGS = "-ObjC";
				PRODUCT_BUNDLE_IDENTIFIER = "com.adcolony.$(PRODUCT_NAME:rfc1034identifier)";
				PRODUCT_NAME = "$(TARGET_NAME)";
			};
			name = Debug;
		};
		9F53E5341A66FA6000783C3A /* Release */ = {
			isa = XCBuildConfiguration;
			buildSettings = {
				ASSETCATALOG_COMPILER_APPICON_NAME = AppIcon;
				ASSETCATALOG_COMPILER_LAUNCHIMAGE_NAME = LaunchImage;
				ENABLE_BITCODE = NO;
				FRAMEWORK_SEARCH_PATHS = (
					"$(inherited)",
					"$(PROJECT_DIR)/../../..",
				);
				INFOPLIST_FILE = AdColonyV4VC/Info.plist;
				IPHONEOS_DEPLOYMENT_TARGET = 6.0;
				LD_RUNPATH_SEARCH_PATHS = "$(inherited) @executable_path/Frameworks";
				OTHER_LDFLAGS = "-ObjC";
				PRODUCT_BUNDLE_IDENTIFIER = "com.adcolony.$(PRODUCT_NAME:rfc1034identifier)";
				PRODUCT_NAME = "$(TARGET_NAME)";
			};
			name = Release;
		};
/* End XCBuildConfiguration section */

/* Begin XCConfigurationList section */
		9F53E50A1A66FA6000783C3A /* Build configuration list for PBXProject "AdColonyV4VC" */ = {
			isa = XCConfigurationList;
			buildConfigurations = (
				9F53E5301A66FA6000783C3A /* Debug */,
				9F53E5311A66FA6000783C3A /* Release */,
			);
			defaultConfigurationIsVisible = 0;
			defaultConfigurationName = Release;
		};
		9F53E5321A66FA6000783C3A /* Build configuration list for PBXNativeTarget "AdColonyV4VC" */ = {
			isa = XCConfigurationList;
			buildConfigurations = (
				9F53E5331A66FA6000783C3A /* Debug */,
				9F53E5341A66FA6000783C3A /* Release */,
			);
			defaultConfigurationIsVisible = 0;
			defaultConfigurationName = Release;
		};
/* End XCConfigurationList section */
	};
	rootObject = 9F53E5071A66FA6000783C3A /* Project object */;
}
